github.com/fabdem/go-crowdinv2 v1.0.2 h1:Wf0moSyA2TiGF+fWhjweExhWl22asT+h1sW6KOFC+dY=
github.com/fabdem/go-crowdinv2 v1.0.2/go.mod h1:4meeYovvJd1qjEhqgqAtJJdQFTlBlyodKzCJG5H66js=
github.com/mreiferson/go-httpclient v0.0.0-20201222173833-5e475fde3a4d h1:tLWCMSjfL8XyZwpu1RzI2UpJSPbZCOZ6DVHQFnlpL7A=
github.com/mreiferson/go-httpclient v0.0.0-20201222173833-5e475fde3a4d/go.mod h1:OQA4XLvDbMgS8P0CevmM4m9Q3Jq4phKUzcocxuGJ5m8=
golang.org/x/text v0.3.2 h1:tW2bmiBqwgJj/UpqtC8EpXEZVYOwU0yG4iWbprSVAcs=
golang.org/x/text v0.3.2/go.mod h1:bEr9sfX3Q8Zfm5fL9x+3itogRgK3+ptLWKqgva+5dAk=
golang.org/x/text v0.14.0 h1:ScX5w1eTa3QqT8oi6+ziP7dTV1S2+ALU0bI+0zXKWiQ=
golang.org/x/text v0.14.0/go.mod h1:18ZOQIKpY8NJVqYksKHtTdi31H5itFRjB5/qKTNYzSU=
golang.org/x/tools v0.0.0-20180917221912-90fa682c2a6e/go.mod h1:n7NCudcB/nEzxVGmLbDWY5pfWTLqBcC2KZ6jyYvM4mQ=
